
Microsoft Visual Studio Solution File, Format Version 12.00
# Visual Studio Version 17
VisualStudioVersion = 17.9.34728.123
MinimumVisualStudioVersion = 10.0.40219.1
Project("{8BC9CEB8-8B4A-11D0-8D11-00A0C91BC942}") = "07.01", "07.01\07.01.vcxproj", "{CE36D018-1C38-4BFB-A8F4-F270BF80A8E9}"
EndProject
Project("{8BC9CEB8-8B4A-11D0-8D11-00A0C91BC942}") = "07.02", "07.02\07.02.vcxproj", "{441ABB58-75CF-48BA-A0FA-FD493757035A}"
EndProject
Project("{8BC9CEB8-8B4A-11D0-8D11-00A0C91BC942}") = "07.03", "07.03\07.03.vcxproj", "{F94130C1-5C96-42BB-910E-0CAD197DCED6}"
EndProject
Project("{8BC9CEB8-8B4A-11D0-8D11-00A0C91BC942}") = "07.04", "07.04\07.04.vcxproj", "{2E92BCEC-BD8B-4E04-AD27-CC69FD68EA3C}"
EndProject
Project("{8BC9CEB8-8B4A-11D0-8D11-00A0C91BC942}") = "07.05", "07.05\07.05.vcxproj", "{C9D2F7AD-4F57-4FC8-A980-F841FA0992DC}"
EndProject
Global
	GlobalSection(SolutionConfigurationPlatforms) = preSolution
		Debug|x64 = Debug|x64
		Debug|x86 = Debug|x86
		Release|x64 = Release|x64
		Release|x86 = Release|x86
	EndGlobalSection
	GlobalSection(ProjectConfigurationPlatforms) = postSolution
		{CE36D018-1C38-4BFB-A8F4-F270BF80A8E9}.Debug|x64.ActiveCfg = Debug|x64
		{CE36D018-1C38-4BFB-A8F4-F270BF80A8E9}.Debug|x64.Build.0 = Debug|x64
		{CE36D018-1C38-4BFB-A8F4-F270BF80A8E9}.Debug|x86.ActiveCfg = Debug|Win32
		{CE36D018-1C38-4BFB-A8F4-F270BF80A8E9}.Debug|x86.Build.0 = Debug|Win32
		{CE36D018-1C38-4BFB-A8F4-F270BF80A8E9}.Release|x64.ActiveCfg = Release|x64
		{CE36D018-1C38-4BFB-A8F4-F270BF80A8E9}.Release|x64.Build.0 = Release|x64
		{CE36D018-1C38-4BFB-A8F4-F270BF80A8E9}.Release|x86.ActiveCfg = Release|Win32
		{CE36D018-1C38-4BFB-A8F4-F270BF80A8E9}.Release|x86.Build.0 = Release|Win32
		{441ABB58-75CF-48BA-A0FA-FD493757035A}.Debug|x64.ActiveCfg = Debug|x64
		{441ABB58-75CF-48BA-A0FA-FD493757035A}.Debug|x64.Build.0 = Debug|x64
		{441ABB58-75CF-48BA-A0FA-FD493757035A}.Debug|x86.ActiveCfg = Debug|Win32
		{441ABB58-75CF-48BA-A0FA-FD493757035A}.Debug|x86.Build.0 = Debug|Win32
		{441ABB58-75CF-48BA-A0FA-FD493757035A}.Release|x64.ActiveCfg = Release|x64
		{441ABB58-75CF-48BA-A0FA-FD493757035A}.Release|x64.Build.0 = Release|x64
		{441ABB58-75CF-48BA-A0FA-FD493757035A}.Release|x86.ActiveCfg = Release|Win32
		{441ABB58-75CF-48BA-A0FA-FD493757035A}.Release|x86.Build.0 = Release|Win32
		{F94130C1-5C96-42BB-910E-0CAD197DCED6}.Debug|x64.ActiveCfg = Debug|x64
		{F94130C1-5C96-42BB-910E-0CAD197DCED6}.Debug|x64.Build.0 = Debug|x64
		{F94130C1-5C96-42BB-910E-0CAD197DCED6}.Debug|x86.ActiveCfg = Debug|Win32
		{F94130C1-5C96-42BB-910E-0CAD197DCED6}.Debug|x86.Build.0 = Debug|Win32
		{F94130C1-5C96-42BB-910E-0CAD197DCED6}.Release|x64.ActiveCfg = Release|x64
		{F94130C1-5C96-42BB-910E-0CAD197DCED6}.Release|x64.Build.0 = Release|x64
		{F94130C1-5C96-42BB-910E-0CAD197DCED6}.Release|x86.ActiveCfg = Release|Win32
		{F94130C1-5C96-42BB-910E-0CAD197DCED6}.Release|x86.Build.0 = Release|Win32
		{2E92BCEC-BD8B-4E04-AD27-CC69FD68EA3C}.Debug|x64.ActiveCfg = Debug|x64
		{2E92BCEC-BD8B-4E04-AD27-CC69FD68EA3C}.Debug|x64.Build.0 = Debug|x64
		{2E92BCEC-BD8B-4E04-AD27-CC69FD68EA3C}.Debug|x86.ActiveCfg = Debug|Win32
		{2E92BCEC-BD8B-4E04-AD27-CC69FD68EA3C}.Debug|x86.Build.0 = Debug|Win32
		{2E92BCEC-BD8B-4E04-AD27-CC69FD68EA3C}.Release|x64.ActiveCfg = Release|x64
		{2E92BCEC-BD8B-4E04-AD27-CC69FD68EA3C}.Release|x64.Build.0 = Release|x64
		{2E92BCEC-BD8B-4E04-AD27-CC69FD68EA3C}.Release|x86.ActiveCfg = Release|Win32
		{2E92BCEC-BD8B-4E04-AD27-CC69FD68EA3C}.Release|x86.Build.0 = Release|Win32
		{C9D2F7AD-4F57-4FC8-A980-F841FA0992DC}.Debug|x64.ActiveCfg = Debug|x64
		{C9D2F7AD-4F57-4FC8-A980-F841FA0992DC}.Debug|x64.Build.0 = Debug|x64
		{C9D2F7AD-4F57-4FC8-A980-F841FA0992DC}.Debug|x86.ActiveCfg = Debug|Win32
		{C9D2F7AD-4F57-4FC8-A980-F841FA0992DC}.Debug|x86.Build.0 = Debug|Win32
		{C9D2F7AD-4F57-4FC8-A980-F841FA0992DC}.Release|x64.ActiveCfg = Release|x64
		{C9D2F7AD-4F57-4FC8-A980-F841FA0992DC}.Release|x64.Build.0 = Release|x64
		{C9D2F7AD-4F57-4FC8-A980-F841FA0992DC}.Release|x86.ActiveCfg = Release|Win32
		{C9D2F7AD-4F57-4FC8-A980-F841FA0992DC}.Release|x86.Build.0 = Release|Win32
	EndGlobalSection
	GlobalSection(SolutionProperties) = preSolution
		HideSolutionNode = FALSE
	EndGlobalSection
	GlobalSection(ExtensibilityGlobals) = postSolution
		SolutionGuid = {7E373FEB-20A1-4291-A98A-DC7F367D2B6E}
	EndGlobalSection
EndGlobal
